
Microsoft Visual Studio Solution File, Format Version 12.00
# Visual Studio Version 17
VisualStudioVersion = 17.11.35222.181
MinimumVisualStudioVersion = 10.0.40219.1
Project("{2150E333-8FDC-42A3-9474-1A3956D46DE8}") = "Task0", "Task0", "{36A6C19B-7C31-4AFB-A11C-856243B54A74}"
EndProject
Project("{9A19103F-16F7-4668-BE54-9A1E7A4F7556}") = "Tyuiu.SyrtsovaSA.Sprint6.Task0.V11.Lib", "Tyuiu.SyrtsovaSA.Sprint6.Task0.V11.Lib\Tyuiu.SyrtsovaSA.Sprint6.Task0.V11.Lib.csproj", "{FB120864-A3D7-424A-8A5E-294FD12584F0}"
EndProject
Project("{9A19103F-16F7-4668-BE54-9A1E7A4F7556}") = "Tyuiu.SyrtsovaSA.Sprint6.Task0.V11.Test", "Tyuiu.SyrtsovaSA.Sprint6.Task0.V11.Test\Tyuiu.SyrtsovaSA.Sprint6.Task0.V11.Test.csproj", "{9AE86B42-B944-4CB1-904E-74004D778A26}"
EndProject
Project("{9A19103F-16F7-4668-BE54-9A1E7A4F7556}") = "Tyuiu.SyrtsovaSA.Sprint6.Task0.V11", "Tyuiu.SyrtsovaSA.Sprint6.Task0.V11\Tyuiu.SyrtsovaSA.Sprint6.Task0.V11.csproj", "{BCBB1ECD-115B-4040-A217-531D787747E6}"
EndProject
Project("{2150E333-8FDC-42A3-9474-1A3956D46DE8}") = "Task1", "Task1", "{F0ADFBD5-C3C3-4B5A-A1E8-40BADEA4176F}"
EndProject
Project("{FAE04EC0-301F-11D3-BF4B-00C04F79EFBC}") = "Tyuiu.SyrtsovaSA.Sprint6.Task1.V18.Lib", "Tyuiu.SyrtsovaSA.Sprint6.Task1.V18.Lib\Tyuiu.SyrtsovaSA.Sprint6.Task1.V18.Lib.csproj", "{2D0BDD59-DC21-425D-B1A5-FD1343052747}"
EndProject
Project("{FAE04EC0-301F-11D3-BF4B-00C04F79EFBC}") = "Tyuiu.SyrtsovaSA.Sprint6.Task1.V18.Test", "Tyuiu.SyrtsovaSA.Sprint6.Task1.V18.Test\Tyuiu.SyrtsovaSA.Sprint6.Task1.V18.Test.csproj", "{82F6846C-52C9-4077-A1A4-DD4984CA752F}"
EndProject
Project("{FAE04EC0-301F-11D3-BF4B-00C04F79EFBC}") = "Tyuiu.SyrtsovaSA.Sprint6.Task1.V18", "Tyuiu.SyrtsovaSA.Sprint6.Task1.V18\Tyuiu.SyrtsovaSA.Sprint6.Task1.V18.csproj", "{4C5BD2C7-AAAB-454A-B898-E37D8410C8F9}"
EndProject
Project("{2150E333-8FDC-42A3-9474-1A3956D46DE8}") = "Task2", "Task2", "{22070F84-DCC1-4DC4-B8A1-0C471283EFEF}"
EndProject
Project("{FAE04EC0-301F-11D3-BF4B-00C04F79EFBC}") = "Tyuiu.SyrtsovaSA.Sprint6.Task2.V4", "Tyuiu.SyrtsovaSA.Sprint6.Task2.V4\Tyuiu.SyrtsovaSA.Sprint6.Task2.V4.csproj", "{D2C8E99F-E565-4447-A8D5-42C6C8F65796}"
EndProject
Project("{FAE04EC0-301F-11D3-BF4B-00C04F79EFBC}") = "Tyuiu.SyrtsovaSA.Sprint6.Task2.V4.Test", "Tyuiu.SyrtsovaSA.Sprint6.Task2.V4.Test\Tyuiu.SyrtsovaSA.Sprint6.Task2.V4.Test.csproj", "{E2359687-3F88-4FA9-80F0-878E0CCA9063}"
EndProject
Project("{9A19103F-16F7-4668-BE54-9A1E7A4F7556}") = "Tyuiu.SyrtsovaSA.Sprint6.Task2.V4.Lib", "Tyuiu.SyrtsovaSA.Sprint6.Task2.V4.Lib\Tyuiu.SyrtsovaSA.Sprint6.Task2.V4.Lib.csproj", "{257B7552-2F2D-4425-9D61-7165B3D1F2EB}"
EndProject
Project("{2150E333-8FDC-42A3-9474-1A3956D46DE8}") = "Task3", "Task3", "{5F081729-1D16-4FEB-BCBE-2AB3CF332E7E}"
EndProject
Project("{FAE04EC0-301F-11D3-BF4B-00C04F79EFBC}") = "Tyuiu.SyrtsovaSA.Sprint6.Task3.V3.Lib", "Tyuiu.SyrtsovaSA.Sprint6.Task3.V3.Lib\Tyuiu.SyrtsovaSA.Sprint6.Task3.V3.Lib.csproj", "{3DBE4567-6333-48FE-A047-C4861D2B9A9D}"
EndProject
Project("{FAE04EC0-301F-11D3-BF4B-00C04F79EFBC}") = "Tyuiu.SyrtsovaSA.Sprint6.Task3.V3.Test", "Tyuiu.SyrtsovaSA.Sprint6.Task3.V3.Test\Tyuiu.SyrtsovaSA.Sprint6.Task3.V3.Test.csproj", "{0E582BEE-6B95-4544-95B8-70648E5882DE}"
EndProject
Project("{FAE04EC0-301F-11D3-BF4B-00C04F79EFBC}") = "Tyuiu.SyrtsovaSA.Sprint6.Task3.V3", "Tyuiu.SyrtsovaSA.Sprint6.Task3.V3\Tyuiu.SyrtsovaSA.Sprint6.Task3.V3.csproj", "{1C21F122-3594-4FB0-8C08-4B3574E96F2D}"
EndProject
Global
	GlobalSection(SolutionConfigurationPlatforms) = preSolution
		Debug|Any CPU = Debug|Any CPU
		Release|Any CPU = Release|Any CPU
	EndGlobalSection
	GlobalSection(ProjectConfigurationPlatforms) = postSolution
		{FB120864-A3D7-424A-8A5E-294FD12584F0}.Debug|Any CPU.ActiveCfg = Debug|Any CPU
		{FB120864-A3D7-424A-8A5E-294FD12584F0}.Debug|Any CPU.Build.0 = Debug|Any CPU
		{FB120864-A3D7-424A-8A5E-294FD12584F0}.Release|Any CPU.ActiveCfg = Release|Any CPU
		{FB120864-A3D7-424A-8A5E-294FD12584F0}.Release|Any CPU.Build.0 = Release|Any CPU
		{9AE86B42-B944-4CB1-904E-74004D778A26}.Debug|Any CPU.ActiveCfg = Debug|Any CPU
		{9AE86B42-B944-4CB1-904E-74004D778A26}.Debug|Any CPU.Build.0 = Debug|Any CPU
		{9AE86B42-B944-4CB1-904E-74004D778A26}.Release|Any CPU.ActiveCfg = Release|Any CPU
		{9AE86B42-B944-4CB1-904E-74004D778A26}.Release|Any CPU.Build.0 = Release|Any CPU
		{BCBB1ECD-115B-4040-A217-531D787747E6}.Debug|Any CPU.ActiveCfg = Debug|Any CPU
		{BCBB1ECD-115B-4040-A217-531D787747E6}.Debug|Any CPU.Build.0 = Debug|Any CPU
		{BCBB1ECD-115B-4040-A217-531D787747E6}.Release|Any CPU.ActiveCfg = Release|Any CPU
		{BCBB1ECD-115B-4040-A217-531D787747E6}.Release|Any CPU.Build.0 = Release|Any CPU
		{2D0BDD59-DC21-425D-B1A5-FD1343052747}.Debug|Any CPU.ActiveCfg = Debug|Any CPU
		{2D0BDD59-DC21-425D-B1A5-FD1343052747}.Debug|Any CPU.Build.0 = Debug|Any CPU
		{2D0BDD59-DC21-425D-B1A5-FD1343052747}.Release|Any CPU.ActiveCfg = Release|Any CPU
		{2D0BDD59-DC21-425D-B1A5-FD1343052747}.Release|Any CPU.Build.0 = Release|Any CPU
		{82F6846C-52C9-4077-A1A4-DD4984CA752F}.Debug|Any CPU.ActiveCfg = Debug|Any CPU
		{82F6846C-52C9-4077-A1A4-DD4984CA752F}.Debug|Any CPU.Build.0 = Debug|Any CPU
		{82F6846C-52C9-4077-A1A4-DD4984CA752F}.Release|Any CPU.ActiveCfg = Release|Any CPU
		{82F6846C-52C9-4077-A1A4-DD4984CA752F}.Release|Any CPU.Build.0 = Release|Any CPU
		{4C5BD2C7-AAAB-454A-B898-E37D8410C8F9}.Debug|Any CPU.ActiveCfg = Debug|Any CPU
		{4C5BD2C7-AAAB-454A-B898-E37D8410C8F9}.Debug|Any CPU.Build.0 = Debug|Any CPU
		{4C5BD2C7-AAAB-454A-B898-E37D8410C8F9}.Release|Any CPU.ActiveCfg = Release|Any CPU
		{4C5BD2C7-AAAB-454A-B898-E37D8410C8F9}.Release|Any CPU.Build.0 = Release|Any CPU
		{D2C8E99F-E565-4447-A8D5-42C6C8F65796}.Debug|Any CPU.ActiveCfg = Debug|Any CPU
		{D2C8E99F-E565-4447-A8D5-42C6C8F65796}.Debug|Any CPU.Build.0 = Debug|Any CPU
		{D2C8E99F-E565-4447-A8D5-42C6C8F65796}.Release|Any CPU.ActiveCfg = Release|Any CPU
		{D2C8E99F-E565-4447-A8D5-42C6C8F65796}.Release|Any CPU.Build.0 = Release|Any CPU
		{E2359687-3F88-4FA9-80F0-878E0CCA9063}.Debug|Any CPU.ActiveCfg = Debug|Any CPU
		{E2359687-3F88-4FA9-80F0-878E0CCA9063}.Debug|Any CPU.Build.0 = Debug|Any CPU
		{E2359687-3F88-4FA9-80F0-878E0CCA9063}.Release|Any CPU.ActiveCfg = Release|Any CPU
		{E2359687-3F88-4FA9-80F0-878E0CCA9063}.Release|Any CPU.Build.0 = Release|Any CPU
		{257B7552-2F2D-4425-9D61-7165B3D1F2EB}.Debug|Any CPU.ActiveCfg = Debug|Any CPU
		{257B7552-2F2D-4425-9D61-7165B3D1F2EB}.Debug|Any CPU.Build.0 = Debug|Any CPU
		{257B7552-2F2D-4425-9D61-7165B3D1F2EB}.Release|Any CPU.ActiveCfg = Release|Any CPU
		{257B7552-2F2D-4425-9D61-7165B3D1F2EB}.Release|Any CPU.Build.0 = Release|Any CPU
		{3DBE4567-6333-48FE-A047-C4861D2B9A9D}.Debug|Any CPU.ActiveCfg = Debug|Any CPU
		{3DBE4567-6333-48FE-A047-C4861D2B9A9D}.Debug|Any CPU.Build.0 = Debug|Any CPU
		{3DBE4567-6333-48FE-A047-C4861D2B9A9D}.Release|Any CPU.ActiveCfg = Release|Any CPU
		{3DBE4567-6333-48FE-A047-C4861D2B9A9D}.Release|Any CPU.Build.0 = Release|Any CPU
		{0E582BEE-6B95-4544-95B8-70648E5882DE}.Debug|Any CPU.ActiveCfg = Debug|Any CPU
		{0E582BEE-6B95-4544-95B8-70648E5882DE}.Debug|Any CPU.Build.0 = Debug|Any CPU
		{0E582BEE-6B95-4544-95B8-70648E5882DE}.Release|Any CPU.ActiveCfg = Release|Any CPU
		{0E582BEE-6B95-4544-95B8-70648E5882DE}.Release|Any CPU.Build.0 = Release|Any CPU
		{1C21F122-3594-4FB0-8C08-4B3574E96F2D}.Debug|Any CPU.ActiveCfg = Debug|Any CPU
		{1C21F122-3594-4FB0-8C08-4B3574E96F2D}.Debug|Any CPU.Build.0 = Debug|Any CPU
		{1C21F122-3594-4FB0-8C08-4B3574E96F2D}.Release|Any CPU.ActiveCfg = Release|Any CPU
		{1C21F122-3594-4FB0-8C08-4B3574E96F2D}.Release|Any CPU.Build.0 = Release|Any CPU
	EndGlobalSection
	GlobalSection(SolutionProperties) = preSolution
		HideSolutionNode = FALSE
	EndGlobalSection
	GlobalSection(NestedProjects) = preSolution
		{FB120864-A3D7-424A-8A5E-294FD12584F0} = {36A6C19B-7C31-4AFB-A11C-856243B54A74}
		{9AE86B42-B944-4CB1-904E-74004D778A26} = {36A6C19B-7C31-4AFB-A11C-856243B54A74}
		{BCBB1ECD-115B-4040-A217-531D787747E6} = {36A6C19B-7C31-4AFB-A11C-856243B54A74}
		{2D0BDD59-DC21-425D-B1A5-FD1343052747} = {F0ADFBD5-C3C3-4B5A-A1E8-40BADEA4176F}
		{82F6846C-52C9-4077-A1A4-DD4984CA752F} = {F0ADFBD5-C3C3-4B5A-A1E8-40BADEA4176F}
		{4C5BD2C7-AAAB-454A-B898-E37D8410C8F9} = {F0ADFBD5-C3C3-4B5A-A1E8-40BADEA4176F}
		{D2C8E99F-E565-4447-A8D5-42C6C8F65796} = {22070F84-DCC1-4DC4-B8A1-0C471283EFEF}
		{E2359687-3F88-4FA9-80F0-878E0CCA9063} = {22070F84-DCC1-4DC4-B8A1-0C471283EFEF}
		{257B7552-2F2D-4425-9D61-7165B3D1F2EB} = {22070F84-DCC1-4DC4-B8A1-0C471283EFEF}
		{3DBE4567-6333-48FE-A047-C4861D2B9A9D} = {5F081729-1D16-4FEB-BCBE-2AB3CF332E7E}
		{0E582BEE-6B95-4544-95B8-70648E5882DE} = {5F081729-1D16-4FEB-BCBE-2AB3CF332E7E}
		{1C21F122-3594-4FB0-8C08-4B3574E96F2D} = {5F081729-1D16-4FEB-BCBE-2AB3CF332E7E}
	EndGlobalSection
	GlobalSection(ExtensibilityGlobals) = postSolution
		SolutionGuid = {F368800E-1768-4426-886A-3FCAAF12B7FD}
	EndGlobalSection
EndGlobal
