
Microsoft Visual Studio Solution File, Format Version 12.00
# Visual Studio Version 17
VisualStudioVersion = 17.11.35222.181
MinimumVisualStudioVersion = 10.0.40219.1
Project("{2150E333-8FDC-42A3-9474-1A3956D46DE8}") = "Task0", "Task0", "{36A6C19B-7C31-4AFB-A11C-856243B54A74}"
EndProject
Project("{9A19103F-16F7-4668-BE54-9A1E7A4F7556}") = "Tyuiu.SyrtsovaSA.Sprint6.Task0.V11.Lib", "Tyuiu.SyrtsovaSA.Sprint6.Task0.V11.Lib\Tyuiu.SyrtsovaSA.Sprint6.Task0.V11.Lib.csproj", "{FB120864-A3D7-424A-8A5E-294FD12584F0}"
EndProject
Project("{9A19103F-16F7-4668-BE54-9A1E7A4F7556}") = "Tyuiu.SyrtsovaSA.Sprint6.Task0.V11.Test", "Tyuiu.SyrtsovaSA.Sprint6.Task0.V11.Test\Tyuiu.SyrtsovaSA.Sprint6.Task0.V11.Test.csproj", "{9AE86B42-B944-4CB1-904E-74004D778A26}"
EndProject
Project("{9A19103F-16F7-4668-BE54-9A1E7A4F7556}") = "Tyuiu.SyrtsovaSA.Sprint6.Task0.V11", "Tyuiu.SyrtsovaSA.Sprint6.Task0.V11\Tyuiu.SyrtsovaSA.Sprint6.Task0.V11.csproj", "{BCBB1ECD-115B-4040-A217-531D787747E6}"
EndProject
Project("{2150E333-8FDC-42A3-9474-1A3956D46DE8}") = "Task1", "Task1", "{F0ADFBD5-C3C3-4B5A-A1E8-40BADEA4176F}"
EndProject
Project("{9A19103F-16F7-4668-BE54-9A1E7A4F7556}") = "Tyuiu.SyrtsovaSA.Sprint6.Task1.V18.Lib", "Tyuiu.SyrtsovaSA.Sprint6.Task1.V18.Lib\Tyuiu.SyrtsovaSA.Sprint6.Task1.V18.Lib.csproj", "{2D0BDD59-DC21-425D-B1A5-FD1343052747}"
EndProject
Project("{9A19103F-16F7-4668-BE54-9A1E7A4F7556}") = "Tyuiu.SyrtsovaSA.Sprint6.Task1.V18.Test", "Tyuiu.SyrtsovaSA.Sprint6.Task1.V18.Test\Tyuiu.SyrtsovaSA.Sprint6.Task1.V18.Test.csproj", "{82F6846C-52C9-4077-A1A4-DD4984CA752F}"
EndProject
Project("{9A19103F-16F7-4668-BE54-9A1E7A4F7556}") = "Tyuiu.SyrtsovaSA.Sprint6.Task1.V18", "Tyuiu.SyrtsovaSA.Sprint6.Task1.V18\Tyuiu.SyrtsovaSA.Sprint6.Task1.V18.csproj", "{4C5BD2C7-AAAB-454A-B898-E37D8410C8F9}"
EndProject
Project("{2150E333-8FDC-42A3-9474-1A3956D46DE8}") = "Task2", "Task2", "{22070F84-DCC1-4DC4-B8A1-0C471283EFEF}"
EndProject
Project("{FAE04EC0-301F-11D3-BF4B-00C04F79EFBC}") = "Tyuiu.SyrtsovaSA.Sprint6.Task2.V4", "Tyuiu.SyrtsovaSA.Sprint6.Task2.V4\Tyuiu.SyrtsovaSA.Sprint6.Task2.V4.csproj", "{D2C8E99F-E565-4447-A8D5-42C6C8F65796}"
EndProject
Project("{FAE04EC0-301F-11D3-BF4B-00C04F79EFBC}") = "Tyuiu.SyrtsovaSA.Sprint6.Task2.V4.Test", "Tyuiu.SyrtsovaSA.Sprint6.Task2.V4.Test\Tyuiu.SyrtsovaSA.Sprint6.Task2.V4.Test.csproj", "{E2359687-3F88-4FA9-80F0-878E0CCA9063}"
EndProject
Project("{9A19103F-16F7-4668-BE54-9A1E7A4F7556}") = "Tyuiu.SyrtsovaSA.Sprint6.Task2.V4.Lib", "Tyuiu.SyrtsovaSA.Sprint6.Task2.V4.Lib\Tyuiu.SyrtsovaSA.Sprint6.Task2.V4.Lib.csproj", "{257B7552-2F2D-4425-9D61-7165B3D1F2EB}"
EndProject
Project("{2150E333-8FDC-42A3-9474-1A3956D46DE8}") = "Task3", "Task3", "{5F081729-1D16-4FEB-BCBE-2AB3CF332E7E}"
EndProject
Project("{9A19103F-16F7-4668-BE54-9A1E7A4F7556}") = "Tyuiu.SyrtsovaSA.Sprint6.Task3.V3.Lib", "Tyuiu.SyrtsovaSA.Sprint6.Task3.V3.Lib\Tyuiu.SyrtsovaSA.Sprint6.Task3.V3.Lib.csproj", "{3DBE4567-6333-48FE-A047-C4861D2B9A9D}"
EndProject
Project("{9A19103F-16F7-4668-BE54-9A1E7A4F7556}") = "Tyuiu.SyrtsovaSA.Sprint6.Task3.V3.Test", "Tyuiu.SyrtsovaSA.Sprint6.Task3.V3.Test\Tyuiu.SyrtsovaSA.Sprint6.Task3.V3.Test.csproj", "{0E582BEE-6B95-4544-95B8-70648E5882DE}"
EndProject
Project("{9A19103F-16F7-4668-BE54-9A1E7A4F7556}") = "Tyuiu.SyrtsovaSA.Sprint6.Task3.V3", "Tyuiu.SyrtsovaSA.Sprint6.Task3.V3\Tyuiu.SyrtsovaSA.Sprint6.Task3.V3.csproj", "{1C21F122-3594-4FB0-8C08-4B3574E96F2D}"
EndProject
Project("{2150E333-8FDC-42A3-9474-1A3956D46DE8}") = "Task4", "Task4", "{9124C0F2-2E56-4BB3-A0A5-B79EA31F253B}"
EndProject
Project("{9A19103F-16F7-4668-BE54-9A1E7A4F7556}") = "Tyuiu.SyrtsovaSA.Sprint6.Task4.V25.Test", "Tyuiu.SyrtsovaSA.Sprint6.Task4.V25.Test\Tyuiu.SyrtsovaSA.Sprint6.Task4.V25.Test.csproj", "{9BED5F43-6C0A-4872-B05D-4D4AE61DA49F}"
EndProject
Project("{9A19103F-16F7-4668-BE54-9A1E7A4F7556}") = "Tyuiu.SyrtsovaSA.Sprint6.Task4.V25.Lib", "Tyuiu.SyrtsovaSA.Sprint6.Task4.V25.Lib\Tyuiu.SyrtsovaSA.Sprint6.Task4.V25.Lib.csproj", "{2F94FBA0-58E7-4819-BD06-844742CFE507}"
EndProject
Project("{FAE04EC0-301F-11D3-BF4B-00C04F79EFBC}") = "Tyuiu.SyrtsovaSA.Sprint6.Task4.V25.Lib.Old", "Tyuiu.SyrtsovaSA.Sprint6.Task4.V25.Lib.Old\Tyuiu.SyrtsovaSA.Sprint6.Task4.V25.Lib.Old.csproj", "{0786296D-3486-48A1-81C9-B2F1B47A9B40}"
EndProject
Project("{FAE04EC0-301F-11D3-BF4B-00C04F79EFBC}") = "Tyuiu.SyrtsovaSA.Sprint6.Task4.V25", "Tyuiu.SyrtsovaSA.Sprint6.Task4.V25\Tyuiu.SyrtsovaSA.Sprint6.Task4.V25.csproj", "{1F805ECF-537F-4155-B30F-2DE35BA5139B}"
EndProject
Project("{FAE04EC0-301F-11D3-BF4B-00C04F79EFBC}") = "Tyuiu.SyrtsovaSA.Sprint6.Task2.V4.Lib.Old", "Tyuiu.SyrtsovaSA.Sprint6.Task2.V4.Lib.Old\Tyuiu.SyrtsovaSA.Sprint6.Task2.V4.Lib.Old.csproj", "{0ED4E3C6-8A88-4D62-AD0F-506A1352F816}"
EndProject
Project("{2150E333-8FDC-42A3-9474-1A3956D46DE8}") = "Task5", "Task5", "{D9F8869E-7CE4-44DA-AD2C-A2E6D69AC201}"
EndProject
Project("{FAE04EC0-301F-11D3-BF4B-00C04F79EFBC}") = "Tyuiu.SyrtsovaSA.Sprint6.Task5.V21", "Tyuiu.SyrtsovaSA.Sprint6.Task5.V21\Tyuiu.SyrtsovaSA.Sprint6.Task5.V21.csproj", "{C740967A-B1A1-43B1-9F9F-2881F403FDF6}"
EndProject
Project("{FAE04EC0-301F-11D3-BF4B-00C04F79EFBC}") = "Tyuiu.SyrtsovaSA.Sprint6.Task5.V21.Lib.Old", "Tyuiu.SyrtsovaSA.Sprint6.Task5.V21.Lib.Old\Tyuiu.SyrtsovaSA.Sprint6.Task5.V21.Lib.Old.csproj", "{D8DA1F58-6538-4997-92A5-3D0C350A6B49}"
EndProject
Project("{FAE04EC0-301F-11D3-BF4B-00C04F79EFBC}") = "Tyuiu.SyrtsovaSA.Sprint6.Task5.V21.Lib", "Tyuiu.SyrtsovaSA.Sprint6.Task5.V21.Lib\Tyuiu.SyrtsovaSA.Sprint6.Task5.V21.Lib.csproj", "{976DC922-39F9-45D7-BC21-2250F7F15C85}"
EndProject
Project("{FAE04EC0-301F-11D3-BF4B-00C04F79EFBC}") = "Tyuiu.SyrtsovaSA.Sprint6.Task5.V21.Test", "Tyuiu.SyrtsovaSA.Sprint6.Task5.V21.Test\Tyuiu.SyrtsovaSA.Sprint6.Task5.V21.Test.csproj", "{1EEF9931-C4F3-47EA-8E1B-0F9D8C53E8E5}"
EndProject
Global
	GlobalSection(SolutionConfigurationPlatforms) = preSolution
		Debug|Any CPU = Debug|Any CPU
		Release|Any CPU = Release|Any CPU
	EndGlobalSection
	GlobalSection(ProjectConfigurationPlatforms) = postSolution
		{FB120864-A3D7-424A-8A5E-294FD12584F0}.Debug|Any CPU.ActiveCfg = Debug|Any CPU
		{FB120864-A3D7-424A-8A5E-294FD12584F0}.Debug|Any CPU.Build.0 = Debug|Any CPU
		{FB120864-A3D7-424A-8A5E-294FD12584F0}.Release|Any CPU.ActiveCfg = Release|Any CPU
		{FB120864-A3D7-424A-8A5E-294FD12584F0}.Release|Any CPU.Build.0 = Release|Any CPU
		{9AE86B42-B944-4CB1-904E-74004D778A26}.Debug|Any CPU.ActiveCfg = Debug|Any CPU
		{9AE86B42-B944-4CB1-904E-74004D778A26}.Debug|Any CPU.Build.0 = Debug|Any CPU
		{9AE86B42-B944-4CB1-904E-74004D778A26}.Release|Any CPU.ActiveCfg = Release|Any CPU
		{9AE86B42-B944-4CB1-904E-74004D778A26}.Release|Any CPU.Build.0 = Release|Any CPU
		{BCBB1ECD-115B-4040-A217-531D787747E6}.Debug|Any CPU.ActiveCfg = Debug|Any CPU
		{BCBB1ECD-115B-4040-A217-531D787747E6}.Debug|Any CPU.Build.0 = Debug|Any CPU
		{BCBB1ECD-115B-4040-A217-531D787747E6}.Release|Any CPU.ActiveCfg = Release|Any CPU
		{BCBB1ECD-115B-4040-A217-531D787747E6}.Release|Any CPU.Build.0 = Release|Any CPU
		{2D0BDD59-DC21-425D-B1A5-FD1343052747}.Debug|Any CPU.ActiveCfg = Debug|Any CPU
		{2D0BDD59-DC21-425D-B1A5-FD1343052747}.Debug|Any CPU.Build.0 = Debug|Any CPU
		{2D0BDD59-DC21-425D-B1A5-FD1343052747}.Release|Any CPU.ActiveCfg = Release|Any CPU
		{2D0BDD59-DC21-425D-B1A5-FD1343052747}.Release|Any CPU.Build.0 = Release|Any CPU
		{82F6846C-52C9-4077-A1A4-DD4984CA752F}.Debug|Any CPU.ActiveCfg = Debug|Any CPU
		{82F6846C-52C9-4077-A1A4-DD4984CA752F}.Debug|Any CPU.Build.0 = Debug|Any CPU
		{82F6846C-52C9-4077-A1A4-DD4984CA752F}.Release|Any CPU.ActiveCfg = Release|Any CPU
		{82F6846C-52C9-4077-A1A4-DD4984CA752F}.Release|Any CPU.Build.0 = Release|Any CPU
		{4C5BD2C7-AAAB-454A-B898-E37D8410C8F9}.Debug|Any CPU.ActiveCfg = Debug|Any CPU
		{4C5BD2C7-AAAB-454A-B898-E37D8410C8F9}.Debug|Any CPU.Build.0 = Debug|Any CPU
		{4C5BD2C7-AAAB-454A-B898-E37D8410C8F9}.Release|Any CPU.ActiveCfg = Release|Any CPU
		{4C5BD2C7-AAAB-454A-B898-E37D8410C8F9}.Release|Any CPU.Build.0 = Release|Any CPU
		{D2C8E99F-E565-4447-A8D5-42C6C8F65796}.Debug|Any CPU.ActiveCfg = Debug|Any CPU
		{D2C8E99F-E565-4447-A8D5-42C6C8F65796}.Debug|Any CPU.Build.0 = Debug|Any CPU
		{D2C8E99F-E565-4447-A8D5-42C6C8F65796}.Release|Any CPU.ActiveCfg = Release|Any CPU
		{D2C8E99F-E565-4447-A8D5-42C6C8F65796}.Release|Any CPU.Build.0 = Release|Any CPU
		{E2359687-3F88-4FA9-80F0-878E0CCA9063}.Debug|Any CPU.ActiveCfg = Debug|Any CPU
		{E2359687-3F88-4FA9-80F0-878E0CCA9063}.Debug|Any CPU.Build.0 = Debug|Any CPU
		{E2359687-3F88-4FA9-80F0-878E0CCA9063}.Release|Any CPU.ActiveCfg = Release|Any CPU
		{E2359687-3F88-4FA9-80F0-878E0CCA9063}.Release|Any CPU.Build.0 = Release|Any CPU
		{257B7552-2F2D-4425-9D61-7165B3D1F2EB}.Debug|Any CPU.ActiveCfg = Debug|Any CPU
		{257B7552-2F2D-4425-9D61-7165B3D1F2EB}.Debug|Any CPU.Build.0 = Debug|Any CPU
		{257B7552-2F2D-4425-9D61-7165B3D1F2EB}.Release|Any CPU.ActiveCfg = Release|Any CPU
		{257B7552-2F2D-4425-9D61-7165B3D1F2EB}.Release|Any CPU.Build.0 = Release|Any CPU
		{3DBE4567-6333-48FE-A047-C4861D2B9A9D}.Debug|Any CPU.ActiveCfg = Debug|Any CPU
		{3DBE4567-6333-48FE-A047-C4861D2B9A9D}.Debug|Any CPU.Build.0 = Debug|Any CPU
		{3DBE4567-6333-48FE-A047-C4861D2B9A9D}.Release|Any CPU.ActiveCfg = Release|Any CPU
		{3DBE4567-6333-48FE-A047-C4861D2B9A9D}.Release|Any CPU.Build.0 = Release|Any CPU
		{0E582BEE-6B95-4544-95B8-70648E5882DE}.Debug|Any CPU.ActiveCfg = Debug|Any CPU
		{0E582BEE-6B95-4544-95B8-70648E5882DE}.Debug|Any CPU.Build.0 = Debug|Any CPU
		{0E582BEE-6B95-4544-95B8-70648E5882DE}.Release|Any CPU.ActiveCfg = Release|Any CPU
		{0E582BEE-6B95-4544-95B8-70648E5882DE}.Release|Any CPU.Build.0 = Release|Any CPU
		{1C21F122-3594-4FB0-8C08-4B3574E96F2D}.Debug|Any CPU.ActiveCfg = Debug|Any CPU
		{1C21F122-3594-4FB0-8C08-4B3574E96F2D}.Debug|Any CPU.Build.0 = Debug|Any CPU
		{1C21F122-3594-4FB0-8C08-4B3574E96F2D}.Release|Any CPU.ActiveCfg = Release|Any CPU
		{1C21F122-3594-4FB0-8C08-4B3574E96F2D}.Release|Any CPU.Build.0 = Release|Any CPU
		{9BED5F43-6C0A-4872-B05D-4D4AE61DA49F}.Debug|Any CPU.ActiveCfg = Debug|Any CPU
		{9BED5F43-6C0A-4872-B05D-4D4AE61DA49F}.Debug|Any CPU.Build.0 = Debug|Any CPU
		{9BED5F43-6C0A-4872-B05D-4D4AE61DA49F}.Release|Any CPU.ActiveCfg = Release|Any CPU
		{9BED5F43-6C0A-4872-B05D-4D4AE61DA49F}.Release|Any CPU.Build.0 = Release|Any CPU
		{2F94FBA0-58E7-4819-BD06-844742CFE507}.Debug|Any CPU.ActiveCfg = Debug|Any CPU
		{2F94FBA0-58E7-4819-BD06-844742CFE507}.Debug|Any CPU.Build.0 = Debug|Any CPU
		{2F94FBA0-58E7-4819-BD06-844742CFE507}.Release|Any CPU.ActiveCfg = Release|Any CPU
		{2F94FBA0-58E7-4819-BD06-844742CFE507}.Release|Any CPU.Build.0 = Release|Any CPU
		{0786296D-3486-48A1-81C9-B2F1B47A9B40}.Debug|Any CPU.ActiveCfg = Debug|Any CPU
		{0786296D-3486-48A1-81C9-B2F1B47A9B40}.Debug|Any CPU.Build.0 = Debug|Any CPU
		{0786296D-3486-48A1-81C9-B2F1B47A9B40}.Release|Any CPU.ActiveCfg = Release|Any CPU
		{0786296D-3486-48A1-81C9-B2F1B47A9B40}.Release|Any CPU.Build.0 = Release|Any CPU
		{1F805ECF-537F-4155-B30F-2DE35BA5139B}.Debug|Any CPU.ActiveCfg = Debug|Any CPU
		{1F805ECF-537F-4155-B30F-2DE35BA5139B}.Debug|Any CPU.Build.0 = Debug|Any CPU
		{1F805ECF-537F-4155-B30F-2DE35BA5139B}.Release|Any CPU.ActiveCfg = Release|Any CPU
		{1F805ECF-537F-4155-B30F-2DE35BA5139B}.Release|Any CPU.Build.0 = Release|Any CPU
		{0ED4E3C6-8A88-4D62-AD0F-506A1352F816}.Debug|Any CPU.ActiveCfg = Debug|Any CPU
		{0ED4E3C6-8A88-4D62-AD0F-506A1352F816}.Debug|Any CPU.Build.0 = Debug|Any CPU
		{0ED4E3C6-8A88-4D62-AD0F-506A1352F816}.Release|Any CPU.ActiveCfg = Release|Any CPU
		{0ED4E3C6-8A88-4D62-AD0F-506A1352F816}.Release|Any CPU.Build.0 = Release|Any CPU
		{C740967A-B1A1-43B1-9F9F-2881F403FDF6}.Debug|Any CPU.ActiveCfg = Debug|Any CPU
		{C740967A-B1A1-43B1-9F9F-2881F403FDF6}.Debug|Any CPU.Build.0 = Debug|Any CPU
		{C740967A-B1A1-43B1-9F9F-2881F403FDF6}.Release|Any CPU.ActiveCfg = Release|Any CPU
		{C740967A-B1A1-43B1-9F9F-2881F403FDF6}.Release|Any CPU.Build.0 = Release|Any CPU
		{D8DA1F58-6538-4997-92A5-3D0C350A6B49}.Debug|Any CPU.ActiveCfg = Debug|Any CPU
		{D8DA1F58-6538-4997-92A5-3D0C350A6B49}.Debug|Any CPU.Build.0 = Debug|Any CPU
		{D8DA1F58-6538-4997-92A5-3D0C350A6B49}.Release|Any CPU.ActiveCfg = Release|Any CPU
		{D8DA1F58-6538-4997-92A5-3D0C350A6B49}.Release|Any CPU.Build.0 = Release|Any CPU
		{976DC922-39F9-45D7-BC21-2250F7F15C85}.Debug|Any CPU.ActiveCfg = Debug|Any CPU
		{976DC922-39F9-45D7-BC21-2250F7F15C85}.Debug|Any CPU.Build.0 = Debug|Any CPU
		{976DC922-39F9-45D7-BC21-2250F7F15C85}.Release|Any CPU.ActiveCfg = Release|Any CPU
		{976DC922-39F9-45D7-BC21-2250F7F15C85}.Release|Any CPU.Build.0 = Release|Any CPU
		{1EEF9931-C4F3-47EA-8E1B-0F9D8C53E8E5}.Debug|Any CPU.ActiveCfg = Debug|Any CPU
		{1EEF9931-C4F3-47EA-8E1B-0F9D8C53E8E5}.Debug|Any CPU.Build.0 = Debug|Any CPU
		{1EEF9931-C4F3-47EA-8E1B-0F9D8C53E8E5}.Release|Any CPU.ActiveCfg = Release|Any CPU
		{1EEF9931-C4F3-47EA-8E1B-0F9D8C53E8E5}.Release|Any CPU.Build.0 = Release|Any CPU
	EndGlobalSection
	GlobalSection(SolutionProperties) = preSolution
		HideSolutionNode = FALSE
	EndGlobalSection
	GlobalSection(NestedProjects) = preSolution
		{FB120864-A3D7-424A-8A5E-294FD12584F0} = {36A6C19B-7C31-4AFB-A11C-856243B54A74}
		{9AE86B42-B944-4CB1-904E-74004D778A26} = {36A6C19B-7C31-4AFB-A11C-856243B54A74}
		{BCBB1ECD-115B-4040-A217-531D787747E6} = {36A6C19B-7C31-4AFB-A11C-856243B54A74}
		{2D0BDD59-DC21-425D-B1A5-FD1343052747} = {F0ADFBD5-C3C3-4B5A-A1E8-40BADEA4176F}
		{82F6846C-52C9-4077-A1A4-DD4984CA752F} = {F0ADFBD5-C3C3-4B5A-A1E8-40BADEA4176F}
		{4C5BD2C7-AAAB-454A-B898-E37D8410C8F9} = {F0ADFBD5-C3C3-4B5A-A1E8-40BADEA4176F}
		{D2C8E99F-E565-4447-A8D5-42C6C8F65796} = {22070F84-DCC1-4DC4-B8A1-0C471283EFEF}
		{E2359687-3F88-4FA9-80F0-878E0CCA9063} = {22070F84-DCC1-4DC4-B8A1-0C471283EFEF}
		{257B7552-2F2D-4425-9D61-7165B3D1F2EB} = {22070F84-DCC1-4DC4-B8A1-0C471283EFEF}
		{3DBE4567-6333-48FE-A047-C4861D2B9A9D} = {5F081729-1D16-4FEB-BCBE-2AB3CF332E7E}
		{0E582BEE-6B95-4544-95B8-70648E5882DE} = {5F081729-1D16-4FEB-BCBE-2AB3CF332E7E}
		{1C21F122-3594-4FB0-8C08-4B3574E96F2D} = {5F081729-1D16-4FEB-BCBE-2AB3CF332E7E}
		{9BED5F43-6C0A-4872-B05D-4D4AE61DA49F} = {9124C0F2-2E56-4BB3-A0A5-B79EA31F253B}
		{2F94FBA0-58E7-4819-BD06-844742CFE507} = {9124C0F2-2E56-4BB3-A0A5-B79EA31F253B}
		{0786296D-3486-48A1-81C9-B2F1B47A9B40} = {9124C0F2-2E56-4BB3-A0A5-B79EA31F253B}
		{1F805ECF-537F-4155-B30F-2DE35BA5139B} = {9124C0F2-2E56-4BB3-A0A5-B79EA31F253B}
		{0ED4E3C6-8A88-4D62-AD0F-506A1352F816} = {22070F84-DCC1-4DC4-B8A1-0C471283EFEF}
		{C740967A-B1A1-43B1-9F9F-2881F403FDF6} = {D9F8869E-7CE4-44DA-AD2C-A2E6D69AC201}
		{D8DA1F58-6538-4997-92A5-3D0C350A6B49} = {D9F8869E-7CE4-44DA-AD2C-A2E6D69AC201}
		{976DC922-39F9-45D7-BC21-2250F7F15C85} = {D9F8869E-7CE4-44DA-AD2C-A2E6D69AC201}
		{1EEF9931-C4F3-47EA-8E1B-0F9D8C53E8E5} = {D9F8869E-7CE4-44DA-AD2C-A2E6D69AC201}
	EndGlobalSection
	GlobalSection(ExtensibilityGlobals) = postSolution
		SolutionGuid = {F368800E-1768-4426-886A-3FCAAF12B7FD}
	EndGlobalSection
EndGlobal
